Microsoft Visual Studio Solution File, Format Version 12.00
# Visual Studio Version 17
VisualStudioVersion = 17.5.2.0
MinimumVisualStudioVersion = 10.0.40219.1
Project("{FAE04EC0-301F-11D3-BF4B-00C04F79EFBC}") = "KargoUygulamasiBackEnd", "KargoBackEnd\KargoUygulamasiBackEnd.csproj", "{38099313-29BD-1394-C653-F44D270B8DC9}"
EndProject
Global
	GlobalSection(SolutionConfigurationPlatforms) = preSolution
		Debug|Any CPU = Debug|Any CPU
		Release|Any CPU = Release|Any CPU
	EndGlobalSection
	GlobalSection(ProjectConfigurationPlatforms) = postSolution
		{38099313-29BD-1394-C653-F44D270B8DC9}.Debug|Any CPU.ActiveCfg = Debug|Any CPU
		{38099313-29BD-1394-C653-F44D270B8DC9}.Debug|Any CPU.Build.0 = Debug|Any CPU
		{38099313-29BD-1394-C653-F44D270B8DC9}.Release|Any CPU.ActiveCfg = Release|Any CPU
		{38099313-29BD-1394-C653-F44D270B8DC9}.Release|Any CPU.Build.0 = Release|Any CPU
	EndGlobalSection
	GlobalSection(SolutionProperties) = preSolution
		HideSolutionNode = FALSE
	EndGlobalSection
	GlobalSection(ExtensibilityGlobals) = postSolution
		SolutionGuid = {51541B92-F8F2-471E-880D-74870C94E00B}
	EndGlobalSection
EndGlobal
